// !$*UTF8*$!
{
	archiveVersion = 1;
	classes = {
	};
	objectVersion = 48;
	objects = {

/* Begin PBXBuildFile section */
		ADB7EE431FC6B97D007D7911 /* AppDelegate.swift in Sources */ = {isa = PBXBuildFile; fileRef = ADB7EE421FC6B97D007D7911 /* AppDelegate.swift */; };
		ADB7EE451FC6B97D007D7911 /* art.scnassets in Resources */ = {isa = PBXBuildFile; fileRef = ADB7EE441FC6B97D007D7911 /* art.scnassets */; };
		ADB7EE471FC6B97D007D7911 /* ViewController.swift in Sources */ = {isa = PBXBuildFile; fileRef = ADB7EE461FC6B97D007D7911 /* ViewController.swift */; };
		ADB7EE4A1FC6B97D007D7911 /* Main.storyboard in Resources */ = {isa = PBXBuildFile; fileRef = ADB7EE481FC6B97D007D7911 /* Main.storyboard */; };
		ADB7EE4C1FC6B97D007D7911 /* Assets.xcassets in Resources */ = {isa = PBXBuildFile; fileRef = ADB7EE4B1FC6B97D007D7911 /* Assets.xcassets */; };
		ADB7EE4F1FC6B97D007D7911 /* LaunchScreen.storyboard in Resources */ = {isa = PBXBuildFile; fileRef = ADB7EE4D1FC6B97D007D7911 /* LaunchScreen.storyboard */; };
		ADB7EE571FC6BEE1007D7911 /* TextViewController.swift in Sources */ = {isa = PBXBuildFile; fileRef = ADB7EE561FC6BEE1007D7911 /* TextViewController.swift */; };
/* End PBXBuildFile section */

/* Begin PBXFileReference section */
		ADB7EE3F1FC6B97D007D7911 /* AR_basic01.app */ = {isa = PBXFileReference; explicitFileType = wrapper.application; includeInIndex = 0; path = AR_basic01.app; sourceTree = BUILT_PRODUCTS_DIR; };
		ADB7EE421FC6B97D007D7911 /* AppDelegate.swift */ = {isa = PBXFileReference; lastKnownFileType = sourcecode.swift; path = AppDelegate.swift; sourceTree = "<group>"; };
		ADB7EE441FC6B97D007D7911 /* art.scnassets */ = {isa = PBXFileReference; lastKnownFileType = wrapper.scnassets; path = art.scnassets; sourceTree = "<group>"; };
		ADB7EE461FC6B97D007D7911 /* ViewController.swift */ = {isa = PBXFileReference; lastKnownFileType = sourcecode.swift; path = ViewController.swift; sourceTree = "<group>"; };
		ADB7EE491FC6B97D007D7911 /* Base */ = {isa = PBXFileReference; lastKnownFileType = file.storyboard; name = Base; path = Base.lproj/Main.storyboard; sourceTree = "<group>"; };
		ADB7EE4B1FC6B97D007D7911 /* Assets.xcassets */ = {isa = PBXFileReference; lastKnownFileType = folder.assetcatalog; path = Assets.xcassets; sourceTree = "<group>"; };
		ADB7EE4E1FC6B97D007D7911 /* Base */ = {isa = PBXFileReference; lastKnownFileType = file.storyboard; name = Base; path = Base.lproj/LaunchScreen.storyboard; sourceTree = "<group>"; };
		ADB7EE501FC6B97D007D7911 /* Info.plist */ = {isa = PBXFileReference; lastKnownFileType = text.plist.xml; path = Info.plist; sourceTree = "<group>"; };
		ADB7EE561FC6BEE1007D7911 /* TextViewController.swift */ = {isa = PBXFileReference; lastKnownFileType = sourcecode.swift; path = TextViewController.swift; sourceTree = "<group>"; };
/* End PBXFileReference section */

/* Begin PBXFrameworksBuildPhase section */
		ADB7EE3C1FC6B97D007D7911 /* Frameworks */ = {
			isa = PBXFrameworksBuildPhase;
			buildActionMask = 2147483647;
			files = (
			);
			runOnlyForDeploymentPostprocessing = 0;
		};
/* End PBXFrameworksBuildPhase section */

/* Begin PBXGroup section */
		ADB7EE361FC6B97D007D7911 = {
			isa = PBXGroup;
			children = (
				ADB7EE411FC6B97D007D7911 /* AR_basic01 */,
				ADB7EE401FC6B97D007D7911 /* Products */,
			);
			sourceTree = "<group>";
		};
		ADB7EE401FC6B97D007D7911 /* Products */ = {
			isa = PBXGroup;
			children = (
				ADB7EE3F1FC6B97D007D7911 /* AR_basic01.app */,
			);
			name = Products;
			sourceTree = "<group>";
		};
		ADB7EE411FC6B97D007D7911 /* AR_basic01 */ = {
			isa = PBXGroup;
			children = (
				ADB7EE421FC6B97D007D7911 /* AppDelegate.swift */,
				ADB7EE441FC6B97D007D7911 /* art.scnassets */,
				ADB7EE461FC6B97D007D7911 /* ViewController.swift */,
				ADB7EE481FC6B97D007D7911 /* Main.storyboard */,
				ADB7EE4B1FC6B97D007D7911 /* Assets.xcassets */,
				ADB7EE4D1FC6B97D007D7911 /* LaunchScreen.storyboard */,
				ADB7EE501FC6B97D007D7911 /* Info.plist */,
				ADB7EE561FC6BEE1007D7911 /* TextViewController.swift */,
			);
			path = AR_basic01;
			sourceTree = "<group>";
		};
/* End PBXGroup section */

/* Begin PBXNativeTarget section */
		ADB7EE3E1FC6B97D007D7911 /* AR_basic01 */ = {
			isa = PBXNativeTarget;
			buildConfigurationList = ADB7EE531FC6B97D007D7911 /* Build configuration list for PBXNativeTarget "AR_basic01" */;
			buildPhases = (
				ADB7EE3B1FC6B97D007D7911 /* Sources */,
				ADB7EE3C1FC6B97D007D7911 /* Frameworks */,
				ADB7EE3D1FC6B97D007D7911 /* Resources */,
			);
			buildRules = (
			);
			dependencies = (
			);
			name = AR_basic01;
			productName = AR_basic01;
			productReference = ADB7EE3F1FC6B97D007D7911 /* AR_basic01.app */;
			productType = "com.apple.product-type.application";
		};
/* End PBXNativeTarget section */

/* Begin PBXProject section */
		ADB7EE371FC6B97D007D7911 /* Project object */ = {
			isa = PBXProject;
			attributes = {
				LastSwiftUpdateCheck = 0900;
				LastUpgradeCheck = 0900;
				ORGANIZATIONNAME = "Gillian ";
				TargetAttributes = {
					ADB7EE3E1FC6B97D007D7911 = {
						CreatedOnToolsVersion = 9.0;
						ProvisioningStyle = Automatic;
					};
				};
			};
			buildConfigurationList = ADB7EE3A1FC6B97D007D7911 /* Build configuration list for PBXProject "AR_basic01" */;
			compatibilityVersion = "Xcode 8.0";
			developmentRegion = en;
			hasScannedForEncodings = 0;
			knownRegions = (
				en,
				Base,
			);
			mainGroup = ADB7EE361FC6B97D007D7911;
			productRefGroup = ADB7EE401FC6B97D007D7911 /* Products */;
			projectDirPath = "";
			projectRoot = "";
			targets = (
				ADB7EE3E1FC6B97D007D7911 /* AR_basic01 */,
			);
		};
/* End PBXProject section */

/* Begin PBXResourcesBuildPhase section */
		ADB7EE3D1FC6B97D007D7911 /* Resources */ = {
			isa = PBXResourcesBuildPhase;
			buildActionMask = 2147483647;
			files = (
				ADB7EE451FC6B97D007D7911 /* art.scnassets in Resources */,
				ADB7EE4F1FC6B97D007D7911 /* LaunchScreen.storyboard in Resources */,
				ADB7EE4C1FC6B97D007D7911 /* Assets.xcassets in Resources */,
				ADB7EE4A1FC6B97D007D7911 /* Main.storyboard in Resources */,
			);
			runOnlyForDeploymentPostprocessing = 0;
		};
/* End PBXResourcesBuildPhase section */

/* Begin PBXSourcesBuildPhase section */
		ADB7EE3B1FC6B97D007D7911 /* Sources */ = {
			isa = PBXSourcesBuildPhase;
			buildActionMask = 2147483647;
			files = (
				ADB7EE471FC6B97D007D7911 /* ViewController.swift in Sources */,
				ADB7EE431FC6B97D007D7911 /* AppDelegate.swift in Sources */,
				ADB7EE571FC6BEE1007D7911 /* TextViewController.swift in Sources */,
			);
			runOnlyForDeploymentPostprocessing = 0;
		};
/* End PBXSourcesBuildPhase section */

/* Begin PBXVariantGroup section */
		ADB7EE481FC6B97D007D7911 /* Main.storyboard */ = {
			isa = PBXVariantGroup;
			children = (
				ADB7EE491FC6B97D007D7911 /* Base */,
			);
			name = Main.storyboard;
			sourceTree = "<group>";
		};
		ADB7EE4D1FC6B97D007D7911 /* LaunchScreen.storyboard */ = {
			isa = PBXVariantGroup;
			children = (
				ADB7EE4E1FC6B97D007D7911 /* Base */,
			);
			name = LaunchScreen.storyboard;
			sourceTree = "<group>";
		};
/* End PBXVariantGroup section */

/* Begin XCBuildConfiguration section */
		ADB7EE511FC6B97D007D7911 /* Debug */ = {
			isa = XCBuildConfiguration;
			buildSettings = {
				ALWAYS_SEARCH_USER_PATHS = NO;
				CLANG_ANALYZER_NONNULL = YES;
				CLANG_ANALYZER_NUMBER_OBJECT_CONVERSION = YES_AGGRESSIVE;
				CLANG_CXX_LANGUAGE_STANDARD = "gnu++14";
				CLANG_CXX_LIBRARY = "libc++";
				CLANG_ENABLE_MODULES = YES;
				CLANG_ENABLE_OBJC_ARC = YES;
				CLANG_WARN_BLOCK_CAPTURE_AUTORELEASING = YES;
				CLANG_WARN_BOOL_CONVERSION = YES;
				CLANG_WARN_COMMA = YES;
				CLANG_WARN_CONSTANT_CONVERSION = YES;
				CLANG_WARN_DIRECT_OBJC_ISA_USAGE = YES_ERROR;
				CLANG_WARN_DOCUMENTATION_COMMENTS = YES;
				CLANG_WARN_EMPTY_BODY = YES;
				CLANG_WARN_ENUM_CONVERSION = YES;
				CLANG_WARN_INFINITE_RECURSION = YES;
				CLANG_WARN_INT_CONVERSION = YES;
				CLANG_WARN_NON_LITERAL_NULL_CONVERSION = YES;
				CLANG_WARN_OBJC_LITERAL_CONVERSION = YES;
				CLANG_WARN_OBJC_ROOT_CLASS = YES_ERROR;
				CLANG_WARN_RANGE_LOOP_ANALYSIS = YES;
				CLANG_WARN_STRICT_PROTOTYPES = YES;
				CLANG_WARN_SUSPICIOUS_MOVE = YES;
				CLANG_WARN_UNGUARDED_AVAILABILITY = YES_AGGRESSIVE;
				CLANG_WARN_UNREACHABLE_CODE = YES;
				CLANG_WARN__DUPLICATE_METHOD_MATCH = YES;
				CODE_SIGN_IDENTITY = "iPhone Developer";
				COPY_PHASE_STRIP = NO;
				DEBUG_INFORMATION_FORMAT = dwarf;
				ENABLE_STRICT_OBJC_MSGSEND = YES;
				ENABLE_TESTABILITY = YES;
				GCC_C_LANGUAGE_STANDARD = gnu11;
				GCC_DYNAMIC_NO_PIC = NO;
				GCC_NO_COMMON_BLOCKS = YES;
				GCC_OPTIMIZATION_LEVEL = 0;
				GCC_PREPROCESSOR_DEFINITIONS = (
					"DEBUG=1",
					"$(inherited)",
				);
				GCC_WARN_64_TO_32_BIT_CONVERSION = YES;
				GCC_WARN_ABOUT_RETURN_TYPE = YES_ERROR;
				GCC_WARN_UNDECLARED_SELECTOR = YES;
				GCC_WARN_UNINITIALIZED_AUTOS = YES_AGGRESSIVE;
				GCC_WARN_UNUSED_FUNCTION = YES;
				GCC_WARN_UNUSED_VARIABLE = YES;
				IPHONEOS_DEPLOYMENT_TARGET = 11.0;
				MTL_ENABLE_DEBUG_INFO = YES;
				ONLY_ACTIVE_ARCH = YES;
				SDKROOT = iphoneos;
				SWIFT_ACTIVE_COMPILATION_CONDITIONS = DEBUG;
				SWIFT_OPTIMIZATION_LEVEL = "-Onone";
			};
			name = Debug;
		};
		ADB7EE521FC6B97D007D7911 /* Release */ = {
			isa = XCBuildConfiguration;
			buildSettings = {
				ALWAYS_SEARCH_USER_PATHS = NO;
				CLANG_ANALYZER_NONNULL = YES;
				CLANG_ANALYZER_NUMBER_OBJECT_CONVERSION = YES_AGGRESSIVE;
				CLANG_CXX_LANGUAGE_STANDARD = "gnu++14";
				CLANG_CXX_LIBRARY = "libc++";
				CLANG_ENABLE_MODULES = YES;
				CLANG_ENABLE_OBJC_ARC = YES;
				CLANG_WARN_BLOCK_CAPTURE_AUTORELEASING = YES;
				CLANG_WARN_BOOL_CONVERSION = YES;
				CLANG_WARN_COMMA = YES;
				CLANG_WARN_CONSTANT_CONVERSION = YES;
				CLANG_WARN_DIRECT_OBJC_ISA_USAGE = YES_ERROR;
				CLANG_WARN_DOCUMENTATION_COMMENTS = YES;
				CLANG_WARN_EMPTY_BODY = YES;
				CLANG_WARN_ENUM_CONVERSION = YES;
				CLANG_WARN_INFINITE_RECURSION = YES;
				CLANG_WARN_INT_CONVERSION = YES;
				CLANG_WARN_NON_LITERAL_NULL_CONVERSION = YES;
				CLANG_WARN_OBJC_LITERAL_CONVERSION = YES;
				CLANG_WARN_OBJC_ROOT_CLASS = YES_ERROR;
				CLANG_WARN_RANGE_LOOP_ANALYSIS = YES;
				CLANG_WARN_STRICT_PROTOTYPES = YES;
				CLANG_WARN_SUSPICIOUS_MOVE = YES;
				CLANG_WARN_UNGUARDED_AVAILABILITY = YES_AGGRESSIVE;
				CLANG_WARN_UNREACHABLE_CODE = YES;
				CLANG_WARN__DUPLICATE_METHOD_MATCH = YES;
				CODE_SIGN_IDENTITY = "iPhone Developer";
				COPY_PHASE_STRIP = NO;
				DEBUG_INFORMATION_FORMAT = "dwarf-with-dsym";
				ENABLE_NS_ASSERTIONS = NO;
				ENABLE_STRICT_OBJC_MSGSEND = YES;
				GCC_C_LANGUAGE_STANDARD = gnu11;
				GCC_NO_COMMON_BLOCKS = YES;
				GCC_WARN_64_TO_32_BIT_CONVERSION = YES;
				GCC_WARN_ABOUT_RETURN_TYPE = YES_ERROR;
				GCC_WARN_UNDECLARED_SELECTOR = YES;
				GCC_WARN_UNINITIALIZED_AUTOS = YES_AGGRESSIVE;
				GCC_WARN_UNUSED_FUNCTION = YES;
				GCC_WARN_UNUSED_VARIABLE = YES;
				IPHONEOS_DEPLOYMENT_TARGET = 11.0;
				MTL_ENABLE_DEBUG_INFO = NO;
				SDKROOT = iphoneos;
				SWIFT_OPTIMIZATION_LEVEL = "-Owholemodule";
				VALIDATE_PRODUCT = YES;
			};
			name = Release;
		};
		ADB7EE541FC6B97D007D7911 /* Debug */ = {
			isa = XCBuildConfiguration;
			buildSettings = {
				ASSETCATALOG_COMPILER_APPICON_NAME = AppIcon;
				CODE_SIGN_STYLE = Automatic;
				DEVELOPMENT_TEAM = YXZPQV2MM8;
				INFOPLIST_FILE = AR_basic01/Info.plist;
				LD_RUNPATH_SEARCH_PATHS = "$(inherited) @executable_path/Frameworks";
				PRODUCT_BUNDLE_IDENTIFIER = "com.gmail-ginaginayang.AR-basic01";
				PRODUCT_NAME = "$(TARGET_NAME)";
				SWIFT_VERSION = 4.0;
				TARGETED_DEVICE_FAMILY = "1,2";
			};
			name = Debug;
		};
		ADB7EE551FC6B97D007D7911 /* Release */ = {
			isa = XCBuildConfiguration;
			buildSettings = {
				ASSETCATALOG_COMPILER_APPICON_NAME = AppIcon;
				CODE_SIGN_STYLE = Automatic;
				DEVELOPMENT_TEAM = YXZPQV2MM8;
				INFOPLIST_FILE = AR_basic01/Info.plist;
				LD_RUNPATH_SEARCH_PATHS = "$(inherited) @executable_path/Frameworks";
				PRODUCT_BUNDLE_IDENTIFIER = "com.gmail-ginaginayang.AR-basic01";
				PRODUCT_NAME = "$(TARGET_NAME)";
				SWIFT_VERSION = 4.0;
				TARGETED_DEVICE_FAMILY = "1,2";
			};
			name = Release;
		};
/* End XCBuildConfiguration section */

/* Begin XCConfigurationList section */
		ADB7EE3A1FC6B97D007D7911 /* Build configuration list for PBXProject "AR_basic01" */ = {
			isa = XCConfigurationList;
			buildConfigurations = (
				ADB7EE511FC6B97D007D7911 /* Debug */,
				ADB7EE521FC6B97D007D7911 /* Release */,
			);
			defaultConfigurationIsVisible = 0;
			defaultConfigurationName = Release;
		};
		ADB7EE531FC6B97D007D7911 /* Build configuration list for PBXNativeTarget "AR_basic01" */ = {
			isa = XCConfigurationList;
			buildConfigurations = (
				ADB7EE541FC6B97D007D7911 /* Debug */,
				ADB7EE551FC6B97D007D7911 /* Release */,
			);
			defaultConfigurationIsVisible = 0;
			defaultConfigurationName = Release;
		};
/* End XCConfigurationList section */
	};
	rootObject = ADB7EE371FC6B97D007D7911 /* Project object */;
}
